
Microsoft Visual Studio Solution File, Format Version 12.00
# Visual Studio Version 16
VisualStudioVersion = 16.0.34114.132
MinimumVisualStudioVersion = 10.0.40219.1
Project("{FAE04EC0-301F-11D3-BF4B-00C04F79EFBC}") = "educationn", "educationn\educationn.csproj", "{CA1EC930-7E24-4609-BF2D-02C53340645D}"
EndProject
Global
	GlobalSection(SolutionConfigurationPlatforms) = preSolution
		Debug|Any CPU = Debug|Any CPU
		Release|Any CPU = Release|Any CPU
	EndGlobalSection
	GlobalSection(ProjectConfigurationPlatforms) = postSolution
		{CA1EC930-7E24-4609-BF2D-02C53340645D}.Debug|Any CPU.ActiveCfg = Debug|Any CPU
		{CA1EC930-7E24-4609-BF2D-02C53340645D}.Debug|Any CPU.Build.0 = Debug|Any CPU
		{CA1EC930-7E24-4609-BF2D-02C53340645D}.Release|Any CPU.ActiveCfg = Release|Any CPU
		{CA1EC930-7E24-4609-BF2D-02C53340645D}.Release|Any CPU.Build.0 = Release|Any CPU
	EndGlobalSection
	GlobalSection(SolutionProperties) = preSolution
		HideSolutionNode = FALSE
	EndGlobalSection
	GlobalSection(ExtensibilityGlobals) = postSolution
		SolutionGuid = {7DD78E89-E53D-44FA-9CCC-AF8DDC20F472}
	EndGlobalSection
EndGlobal
